Microsoft Visual Studio Solution File, Format Version 12.00
# Visual Studio Version 17
VisualStudioVersion = 17.5.2.0
MinimumVisualStudioVersion = 10.0.40219.1
Project("{FAE04EC0-301F-11D3-BF4B-00C04F79EFBC}") = "desafioClima", "desafioClima\desafioClima.csproj", "{AFF3EBE4-595A-B814-6E1F-9FD05BC8B48B}"
EndProject
Global
	GlobalSection(SolutionConfigurationPlatforms) = preSolution
		Debug|Any CPU = Debug|Any CPU
		Release|Any CPU = Release|Any CPU
	EndGlobalSection
	GlobalSection(ProjectConfigurationPlatforms) = postSolution
		{AFF3EBE4-595A-B814-6E1F-9FD05BC8B48B}.Debug|Any CPU.ActiveCfg = Debug|Any CPU
		{AFF3EBE4-595A-B814-6E1F-9FD05BC8B48B}.Debug|Any CPU.Build.0 = Debug|Any CPU
		{AFF3EBE4-595A-B814-6E1F-9FD05BC8B48B}.Release|Any CPU.ActiveCfg = Release|Any CPU
		{AFF3EBE4-595A-B814-6E1F-9FD05BC8B48B}.Release|Any CPU.Build.0 = Release|Any CPU
	EndGlobalSection
	GlobalSection(SolutionProperties) = preSolution
		HideSolutionNode = FALSE
	EndGlobalSection
	GlobalSection(ExtensibilityGlobals) = postSolution
		SolutionGuid = {2AE7BA73-2A65-40AC-A5F1-15BA3B09AA0B}
	EndGlobalSection
EndGlobal
